
Microsoft Visual Studio Solution File, Format Version 12.00
# Visual Studio 2012
Project("{FAE04EC0-301F-11D3-BF4B-00C04F79EFBC}") = "Kochbuch", "Kochbuch\Kochbuch.csproj", "{326C4FB7-19D4-48FD-9A7F-50BE95DC3003}"
EndProject
Project("{2150E333-8FDC-42A3-9474-1A3956D46DE8}") = ".nuget", ".nuget", "{AE0B9F6E-C905-44D0-96BB-0E3E6AFD5644}"
	ProjectSection(SolutionItems) = preProject
		.nuget\NuGet.Config = .nuget\NuGet.Config
		.nuget\NuGet.exe = .nuget\NuGet.exe
		.nuget\NuGet.targets = .nuget\NuGet.targets
	EndProjectSection
EndProject
Project("{2150E333-8FDC-42A3-9474-1A3956D46DE8}") = "Solution Items", "Solution Items", "{5AC381D3-A557-4518-8246-7DAB2E84391B}"
	ProjectSection(SolutionItems) = preProject
		JSLintOptions.xml = JSLintOptions.xml
	EndProjectSection
EndProject
Project("{2150E333-8FDC-42A3-9474-1A3956D46DE8}") = "Fiddles", "Fiddles", "{7B760377-ABA9-4B2D-B5E6-D982CB81B4F3}"
EndProject
Project("{2150E333-8FDC-42A3-9474-1A3956D46DE8}") = "FiddleHelloWorld", "FiddleHelloWorld", "{61B2AE29-92D3-46AF-8ACC-8557B25AAF3B}"
	ProjectSection(SolutionItems) = preProject
		FiddleHelloWorld\demo.css = FiddleHelloWorld\demo.css
		FiddleHelloWorld\demo.details = FiddleHelloWorld\demo.details
		FiddleHelloWorld\demo.html = FiddleHelloWorld\demo.html
		FiddleHelloWorld\demo.js = FiddleHelloWorld\demo.js
	EndProjectSection
EndProject
Project("{2150E333-8FDC-42A3-9474-1A3956D46DE8}") = "FiddleGrid", "FiddleGrid", "{D6E05E8E-809F-4426-A3A8-00B26B3E0AFD}"
	ProjectSection(SolutionItems) = preProject
		FiddleGrid\demo.css = FiddleGrid\demo.css
		FiddleGrid\demo.details = FiddleGrid\demo.details
		FiddleGrid\demo.html = FiddleGrid\demo.html
		FiddleGrid\demo.js = FiddleGrid\demo.js
	EndProjectSection
EndProject
Global
	GlobalSection(JSLint) = preSolution
		SolutionConfigurationLocation = JSLintOptions.xml
	EndGlobalSection
	GlobalSection(SolutionConfigurationPlatforms) = preSolution
		Debug|Any CPU = Debug|Any CPU
		Release|Any CPU = Release|Any CPU
	EndGlobalSection
	GlobalSection(ProjectConfigurationPlatforms) = postSolution
		{326C4FB7-19D4-48FD-9A7F-50BE95DC3003}.Debug|Any CPU.ActiveCfg = Debug|Any CPU
		{326C4FB7-19D4-48FD-9A7F-50BE95DC3003}.Debug|Any CPU.Build.0 = Debug|Any CPU
		{326C4FB7-19D4-48FD-9A7F-50BE95DC3003}.Release|Any CPU.ActiveCfg = Release|Any CPU
		{326C4FB7-19D4-48FD-9A7F-50BE95DC3003}.Release|Any CPU.Build.0 = Release|Any CPU
	EndGlobalSection
	GlobalSection(SolutionProperties) = preSolution
		HideSolutionNode = FALSE
	EndGlobalSection
	GlobalSection(NestedProjects) = preSolution
		{61B2AE29-92D3-46AF-8ACC-8557B25AAF3B} = {7B760377-ABA9-4B2D-B5E6-D982CB81B4F3}
		{D6E05E8E-809F-4426-A3A8-00B26B3E0AFD} = {7B760377-ABA9-4B2D-B5E6-D982CB81B4F3}
	EndGlobalSection
EndGlobal
